
Microsoft Visual Studio Solution File, Format Version 12.00
# Visual Studio Version 16
VisualStudioVersion = 16.0.30717.126
MinimumVisualStudioVersion = 10.0.40219.1
Project("{FAE04EC0-301F-11D3-BF4B-00C04F79EFBC}") = "ConsoleApp12", "ConsoleApp12\ConsoleApp12.csproj", "{7A3EAC78-7A81-4988-941D-1257A77E829C}"
EndProject
Global
	GlobalSection(SolutionConfigurationPlatforms) = preSolution
		Debug|Any CPU = Debug|Any CPU
		Release|Any CPU = Release|Any CPU
	EndGlobalSection
	GlobalSection(ProjectConfigurationPlatforms) = postSolution
		{7A3EAC78-7A81-4988-941D-1257A77E829C}.Debug|Any CPU.ActiveCfg = Debug|Any CPU
		{7A3EAC78-7A81-4988-941D-1257A77E829C}.Debug|Any CPU.Build.0 = Debug|Any CPU
		{7A3EAC78-7A81-4988-941D-1257A77E829C}.Release|Any CPU.ActiveCfg = Release|Any CPU
		{7A3EAC78-7A81-4988-941D-1257A77E829C}.Release|Any CPU.Build.0 = Release|Any CPU
	EndGlobalSection
	GlobalSection(SolutionProperties) = preSolution
		HideSolutionNode = FALSE
	EndGlobalSection
	GlobalSection(ExtensibilityGlobals) = postSolution
		SolutionGuid = {039DC653-5294-4BA0-BD39-76F24DAF5364}
	EndGlobalSection
EndGlobal
